
Microsoft Visual Studio Solution File, Format Version 12.00
# Visual Studio Version 16
VisualStudioVersion = 16.0.29306.81
MinimumVisualStudioVersion = 10.0.40219.1
Project("{FAE04EC0-301F-11D3-BF4B-00C04F79EFBC}") = "Find-The-Smallest-Number", "Find-The-Smallest-Number\Find-The-Smallest-Number.csproj", "{B887C013-DDBF-4454-BCDB-01D429A5265A}"
EndProject
Global
	GlobalSection(SolutionConfigurationPlatforms) = preSolution
		Debug|Any CPU = Debug|Any CPU
		Release|Any CPU = Release|Any CPU
	EndGlobalSection
	GlobalSection(ProjectConfigurationPlatforms) = postSolution
		{B887C013-DDBF-4454-BCDB-01D429A5265A}.Debug|Any CPU.ActiveCfg = Debug|Any CPU
		{B887C013-DDBF-4454-BCDB-01D429A5265A}.Debug|Any CPU.Build.0 = Debug|Any CPU
		{B887C013-DDBF-4454-BCDB-01D429A5265A}.Release|Any CPU.ActiveCfg = Release|Any CPU
		{B887C013-DDBF-4454-BCDB-01D429A5265A}.Release|Any CPU.Build.0 = Release|Any CPU
	EndGlobalSection
	GlobalSection(SolutionProperties) = preSolution
		HideSolutionNode = FALSE
	EndGlobalSection
	GlobalSection(ExtensibilityGlobals) = postSolution
		SolutionGuid = {A4642A61-329B-4457-BC27-134FFBBF8582}
	EndGlobalSection
EndGlobal
